
Microsoft Visual Studio Solution File, Format Version 12.00
# Visual Studio 15
VisualStudioVersion = 15.0.27428.1
MinimumVisualStudioVersion = 10.0.40219.1
Project("{FAE04EC0-301F-11D3-BF4B-00C04F79EFBC}") = "CinemaAppProject", "CinemaAppProject\CinemaAppProject.csproj", "{11AC7EEA-7DD6-4450-BCF0-875FE67FEE58}"
EndProject
Global
	GlobalSection(SolutionConfigurationPlatforms) = preSolution
		Debug|Any CPU = Debug|Any CPU
		Release|Any CPU = Release|Any CPU
	EndGlobalSection
	GlobalSection(ProjectConfigurationPlatforms) = postSolution
		{11AC7EEA-7DD6-4450-BCF0-875FE67FEE58}.Debug|Any CPU.ActiveCfg = Debug|Any CPU
		{11AC7EEA-7DD6-4450-BCF0-875FE67FEE58}.Debug|Any CPU.Build.0 = Debug|Any CPU
		{11AC7EEA-7DD6-4450-BCF0-875FE67FEE58}.Release|Any CPU.ActiveCfg = Release|Any CPU
		{11AC7EEA-7DD6-4450-BCF0-875FE67FEE58}.Release|Any CPU.Build.0 = Release|Any CPU
	EndGlobalSection
	GlobalSection(SolutionProperties) = preSolution
		HideSolutionNode = FALSE
	EndGlobalSection
	GlobalSection(ExtensibilityGlobals) = postSolution
		SolutionGuid = {C47416E5-F587-46E3-9EE9-A47297E9A5B0}
	EndGlobalSection
EndGlobal
